
Microsoft Visual Studio Solution File, Format Version 12.00
# Visual Studio Express 14 for Windows Desktop
VisualStudioVersion = 14.0.24720.0
MinimumVisualStudioVersion = 10.0.40219.1
Project("{FAE04EC0-301F-11D3-BF4B-00C04F79EFBC}") = "Sorting", "Sorting\Sorting.csproj", "{1EA2FB8C-2F57-4F14-A5CC-410E3112DC4A}"
EndProject
Project("{FAE04EC0-301F-11D3-BF4B-00C04F79EFBC}") = "InterfaceDemo", "InterfaceDemo\InterfaceDemo.csproj", "{7631047A-7580-4E06-8B42-246DF6A48158}"
EndProject
Project("{FAE04EC0-301F-11D3-BF4B-00C04F79EFBC}") = "LinqMappingDemo", "Demo\LinqMappingDemo.csproj", "{C60EFC1C-93A7-44A7-B663-820ADAB2CEAC}"
EndProject
Project("{FAE04EC0-301F-11D3-BF4B-00C04F79EFBC}") = "Delegates", "Delegates\Delegates.csproj", "{DCC73616-A3F8-46BC-B54A-6EFAFA54D2F6}"
EndProject
Project("{FAE04EC0-301F-11D3-BF4B-00C04F79EFBC}") = "StringBuilderDemo", "StringBuilderDemo\StringBuilderDemo.csproj", "{DE887799-A3C4-4E5D-BF60-04DACFC44CB1}"
EndProject
Global
	GlobalSection(SolutionConfigurationPlatforms) = preSolution
		Debug|Any CPU = Debug|Any CPU
		Release|Any CPU = Release|Any CPU
	EndGlobalSection
	GlobalSection(ProjectConfigurationPlatforms) = postSolution
		{1EA2FB8C-2F57-4F14-A5CC-410E3112DC4A}.Debug|Any CPU.ActiveCfg = Debug|Any CPU
		{1EA2FB8C-2F57-4F14-A5CC-410E3112DC4A}.Debug|Any CPU.Build.0 = Debug|Any CPU
		{1EA2FB8C-2F57-4F14-A5CC-410E3112DC4A}.Release|Any CPU.ActiveCfg = Release|Any CPU
		{1EA2FB8C-2F57-4F14-A5CC-410E3112DC4A}.Release|Any CPU.Build.0 = Release|Any CPU
		{7631047A-7580-4E06-8B42-246DF6A48158}.Debug|Any CPU.ActiveCfg = Debug|Any CPU
		{7631047A-7580-4E06-8B42-246DF6A48158}.Debug|Any CPU.Build.0 = Debug|Any CPU
		{7631047A-7580-4E06-8B42-246DF6A48158}.Release|Any CPU.ActiveCfg = Release|Any CPU
		{7631047A-7580-4E06-8B42-246DF6A48158}.Release|Any CPU.Build.0 = Release|Any CPU
		{C60EFC1C-93A7-44A7-B663-820ADAB2CEAC}.Debug|Any CPU.ActiveCfg = Debug|Any CPU
		{C60EFC1C-93A7-44A7-B663-820ADAB2CEAC}.Debug|Any CPU.Build.0 = Debug|Any CPU
		{C60EFC1C-93A7-44A7-B663-820ADAB2CEAC}.Release|Any CPU.ActiveCfg = Release|Any CPU
		{C60EFC1C-93A7-44A7-B663-820ADAB2CEAC}.Release|Any CPU.Build.0 = Release|Any CPU
		{DCC73616-A3F8-46BC-B54A-6EFAFA54D2F6}.Debug|Any CPU.ActiveCfg = Debug|Any CPU
		{DCC73616-A3F8-46BC-B54A-6EFAFA54D2F6}.Debug|Any CPU.Build.0 = Debug|Any CPU
		{DCC73616-A3F8-46BC-B54A-6EFAFA54D2F6}.Release|Any CPU.ActiveCfg = Release|Any CPU
		{DCC73616-A3F8-46BC-B54A-6EFAFA54D2F6}.Release|Any CPU.Build.0 = Release|Any CPU
		{DE887799-A3C4-4E5D-BF60-04DACFC44CB1}.Debug|Any CPU.ActiveCfg = Debug|Any CPU
		{DE887799-A3C4-4E5D-BF60-04DACFC44CB1}.Debug|Any CPU.Build.0 = Debug|Any CPU
		{DE887799-A3C4-4E5D-BF60-04DACFC44CB1}.Release|Any CPU.ActiveCfg = Release|Any CPU
		{DE887799-A3C4-4E5D-BF60-04DACFC44CB1}.Release|Any CPU.Build.0 = Release|Any CPU
	EndGlobalSection
	GlobalSection(SolutionProperties) = preSolution
		HideSolutionNode = FALSE
	EndGlobalSection
EndGlobal
