
Microsoft Visual Studio Solution File, Format Version 12.00
# Visual Studio Express 14 for Windows Desktop
VisualStudioVersion = 14.0.24720.0
MinimumVisualStudioVersion = 10.0.40219.1
Project("{FAE04EC0-301F-11D3-BF4B-00C04F79EFBC}") = "SecondDayDemo", "SecondDayDemo\SecondDayDemo.csproj", "{C8505AED-3D34-47C1-8785-31E121BD128A}"
EndProject
Project("{FAE04EC0-301F-11D3-BF4B-00C04F79EFBC}") = "Events", "Events\Events.csproj", "{8C9EB38A-D057-42F4-936F-F901CBDA4DF4}"
EndProject
Project("{FAE04EC0-301F-11D3-BF4B-00C04F79EFBC}") = "Generics", "Generics\Generics.csproj", "{BB39F64D-1EB9-4DE0-9B71-10F6F2750FF1}"
EndProject
Project("{FAE04EC0-301F-11D3-BF4B-00C04F79EFBC}") = "GenericList", "GenericList\GenericList.csproj", "{BC090632-FBA8-4B98-9C65-68F88E4221E0}"
EndProject
Project("{FAE04EC0-301F-11D3-BF4B-00C04F79EFBC}") = "GenericPrint", "GenericPrint\GenericPrint.csproj", "{CCEB4B02-4BB9-4634-9001-8CF60299CC2F}"
EndProject
Global
	GlobalSection(SolutionConfigurationPlatforms) = preSolution
		Debug|Any CPU = Debug|Any CPU
		Release|Any CPU = Release|Any CPU
	EndGlobalSection
	GlobalSection(ProjectConfigurationPlatforms) = postSolution
		{C8505AED-3D34-47C1-8785-31E121BD128A}.Debug|Any CPU.ActiveCfg = Debug|Any CPU
		{C8505AED-3D34-47C1-8785-31E121BD128A}.Debug|Any CPU.Build.0 = Debug|Any CPU
		{C8505AED-3D34-47C1-8785-31E121BD128A}.Release|Any CPU.ActiveCfg = Release|Any CPU
		{C8505AED-3D34-47C1-8785-31E121BD128A}.Release|Any CPU.Build.0 = Release|Any CPU
		{8C9EB38A-D057-42F4-936F-F901CBDA4DF4}.Debug|Any CPU.ActiveCfg = Debug|Any CPU
		{8C9EB38A-D057-42F4-936F-F901CBDA4DF4}.Debug|Any CPU.Build.0 = Debug|Any CPU
		{8C9EB38A-D057-42F4-936F-F901CBDA4DF4}.Release|Any CPU.ActiveCfg = Release|Any CPU
		{8C9EB38A-D057-42F4-936F-F901CBDA4DF4}.Release|Any CPU.Build.0 = Release|Any CPU
		{BB39F64D-1EB9-4DE0-9B71-10F6F2750FF1}.Debug|Any CPU.ActiveCfg = Debug|Any CPU
		{BB39F64D-1EB9-4DE0-9B71-10F6F2750FF1}.Debug|Any CPU.Build.0 = Debug|Any CPU
		{BB39F64D-1EB9-4DE0-9B71-10F6F2750FF1}.Release|Any CPU.ActiveCfg = Release|Any CPU
		{BB39F64D-1EB9-4DE0-9B71-10F6F2750FF1}.Release|Any CPU.Build.0 = Release|Any CPU
		{BC090632-FBA8-4B98-9C65-68F88E4221E0}.Debug|Any CPU.ActiveCfg = Debug|Any CPU
		{BC090632-FBA8-4B98-9C65-68F88E4221E0}.Debug|Any CPU.Build.0 = Debug|Any CPU
		{BC090632-FBA8-4B98-9C65-68F88E4221E0}.Release|Any CPU.ActiveCfg = Release|Any CPU
		{BC090632-FBA8-4B98-9C65-68F88E4221E0}.Release|Any CPU.Build.0 = Release|Any CPU
		{CCEB4B02-4BB9-4634-9001-8CF60299CC2F}.Debug|Any CPU.ActiveCfg = Debug|Any CPU
		{CCEB4B02-4BB9-4634-9001-8CF60299CC2F}.Debug|Any CPU.Build.0 = Debug|Any CPU
		{CCEB4B02-4BB9-4634-9001-8CF60299CC2F}.Release|Any CPU.ActiveCfg = Release|Any CPU
		{CCEB4B02-4BB9-4634-9001-8CF60299CC2F}.Release|Any CPU.Build.0 = Release|Any CPU
	EndGlobalSection
	GlobalSection(SolutionProperties) = preSolution
		HideSolutionNode = FALSE
	EndGlobalSection
EndGlobal
